
Microsoft Visual Studio Solution File, Format Version 12.00
# Visual Studio 15
VisualStudioVersion = 15.0.28010.2019
MinimumVisualStudioVersion = 10.0.40219.1
Project("{2150E333-8FDC-42A3-9474-1A3956D46DE8}") = "src", "src", "{C8ACA08A-B78F-4202-8602-EF47A1BA0A35}"
EndProject
Project("{2150E333-8FDC-42A3-9474-1A3956D46DE8}") = "test", "test", "{1BEE12FF-4B53-4355-AEBE-F90F6EC687AF}"
EndProject
Project("{9A19103F-16F7-4668-BE54-9A1E7A4F7556}") = "Moejoe.SimpleServiceDiscovery.Client", "src\Moejoe.SimpleServiceDiscovery.Client\Moejoe.SimpleServiceDiscovery.Client.csproj", "{120846D5-CF4A-449E-8DE2-CCD6A211A0B3}"
EndProject
Project("{9A19103F-16F7-4668-BE54-9A1E7A4F7556}") = "Moejoe.SimpleServiceDiscovery.Client.Tests", "test\Moejoe.SimpleServiceDiscovery.Client.Tests\Moejoe.SimpleServiceDiscovery.Client.Tests.csproj", "{FA16105B-CA37-44AE-B6C5-765E5E9DED15}"
EndProject
Project("{2150E333-8FDC-42A3-9474-1A3956D46DE8}") = "SolutionItems", "SolutionItems", "{0B4457CB-E84B-45AD-A301-0A981D2197AA}"
	ProjectSection(SolutionItems) = preProject
		LICENSE = LICENSE
		README.md = README.md
	EndProjectSection
EndProject
Project("{9A19103F-16F7-4668-BE54-9A1E7A4F7556}") = "Moejoe.SimpleServiceDiscovery.Common", "src\Moejoe.SimpleServiceDiscovery.Common\Moejoe.SimpleServiceDiscovery.Common.csproj", "{53DB9AFA-0C76-4E1B-9912-C49F4475D04F}"
EndProject
Project("{9A19103F-16F7-4668-BE54-9A1E7A4F7556}") = "Moejoe.SimpleServiceDiscovery.Server.Tests", "test\Moejoe.SimpleServiceDiscovery.Server.Tests\Moejoe.SimpleServiceDiscovery.Server.Tests.csproj", "{DFF9053D-842E-4976-9CC1-88E295F17C16}"
EndProject
Project("{9A19103F-16F7-4668-BE54-9A1E7A4F7556}") = "Moejoe.SimpleServiceDiscovery.Server.Storage", "src\Moejoe.SimpleServiceDiscovery.Server.Storage\Moejoe.SimpleServiceDiscovery.Server.Storage.csproj", "{61C75023-A149-42B5-9EDB-312146C4688B}"
EndProject
Project("{9A19103F-16F7-4668-BE54-9A1E7A4F7556}") = "Moejoe.SimpleServiceDiscovery.Server.EntityFramework.Storage", "src\Moejoe.SimpleServiceDiscovery.Server.EntityFramework.Storage\Moejoe.SimpleServiceDiscovery.Server.EntityFramework.Storage.csproj", "{4B3C4D6A-CA34-4880-A27F-F8BD3618E8C5}"
EndProject
Project("{9A19103F-16F7-4668-BE54-9A1E7A4F7556}") = "Moejoe.SimpleServiceDiscovery.Server.EntityFramework", "src\Moejoe.SimpleServiceDiscovery.Server.EntityFramework\Moejoe.SimpleServiceDiscovery.Server.EntityFramework.csproj", "{734133C4-37B0-4862-B600-39222B21B36E}"
EndProject
Project("{9A19103F-16F7-4668-BE54-9A1E7A4F7556}") = "Moejoe.SimpleServiceDiscovery.Server", "src\Moejoe.SimpleServiceDiscovery.Server\Moejoe.SimpleServiceDiscovery.Server.csproj", "{31B0D30B-2C49-4485-A6AE-364C688808E0}"
EndProject
Project("{2150E333-8FDC-42A3-9474-1A3956D46DE8}") = "example", "example", "{82657891-4D60-4BF3-A141-D5E0E44CE27D}"
EndProject
Project("{2150E333-8FDC-42A3-9474-1A3956D46DE8}") = "Server", "Server", "{152133B4-E9C4-415C-8919-731692FE9452}"
EndProject
Project("{2150E333-8FDC-42A3-9474-1A3956D46DE8}") = "Client", "Client", "{0A7A48F4-A3E0-4BCA-8B4E-E943BBB24BB5}"
EndProject
Project("{9A19103F-16F7-4668-BE54-9A1E7A4F7556}") = "Moejoe.SimpleServiceDiscovery.Example.WebService", "example\Moejoe.SimpleServiceDiscovery.Example.WebService\Moejoe.SimpleServiceDiscovery.Example.WebService.csproj", "{B898F1A1-08E4-446D-8397-DE61E406A4EE}"
EndProject
Project("{9A19103F-16F7-4668-BE54-9A1E7A4F7556}") = "Moejoe.SimpleServiceDiscovery.Example.Api", "example\Moejoe.SimpleServiceDiscovery.Example.Api\Moejoe.SimpleServiceDiscovery.Example.Api.csproj", "{1FA6CD43-3902-4833-A0DD-B8A5CA800894}"
EndProject
Project("{9A19103F-16F7-4668-BE54-9A1E7A4F7556}") = "Moejoe.SimpleServiceDiscovery.Client.WebHost.Extensions", "src\Moejoe.SimpleServiceDiscovery.Client.WebHost.Extensions\Moejoe.SimpleServiceDiscovery.Client.WebHost.Extensions.csproj", "{32B9EADE-8D19-49C6-8F87-C26FD51B8104}"
EndProject
Global
	GlobalSection(SolutionConfigurationPlatforms) = preSolution
		Debug|Any CPU = Debug|Any CPU
		Release|Any CPU = Release|Any CPU
	EndGlobalSection
	GlobalSection(ProjectConfigurationPlatforms) = postSolution
		{120846D5-CF4A-449E-8DE2-CCD6A211A0B3}.Debug|Any CPU.ActiveCfg = Debug|Any CPU
		{120846D5-CF4A-449E-8DE2-CCD6A211A0B3}.Debug|Any CPU.Build.0 = Debug|Any CPU
		{120846D5-CF4A-449E-8DE2-CCD6A211A0B3}.Release|Any CPU.ActiveCfg = Release|Any CPU
		{120846D5-CF4A-449E-8DE2-CCD6A211A0B3}.Release|Any CPU.Build.0 = Release|Any CPU
		{FA16105B-CA37-44AE-B6C5-765E5E9DED15}.Debug|Any CPU.ActiveCfg = Debug|Any CPU
		{FA16105B-CA37-44AE-B6C5-765E5E9DED15}.Debug|Any CPU.Build.0 = Debug|Any CPU
		{FA16105B-CA37-44AE-B6C5-765E5E9DED15}.Release|Any CPU.ActiveCfg = Release|Any CPU
		{FA16105B-CA37-44AE-B6C5-765E5E9DED15}.Release|Any CPU.Build.0 = Release|Any CPU
		{53DB9AFA-0C76-4E1B-9912-C49F4475D04F}.Debug|Any CPU.ActiveCfg = Debug|Any CPU
		{53DB9AFA-0C76-4E1B-9912-C49F4475D04F}.Debug|Any CPU.Build.0 = Debug|Any CPU
		{53DB9AFA-0C76-4E1B-9912-C49F4475D04F}.Release|Any CPU.ActiveCfg = Release|Any CPU
		{53DB9AFA-0C76-4E1B-9912-C49F4475D04F}.Release|Any CPU.Build.0 = Release|Any CPU
		{DFF9053D-842E-4976-9CC1-88E295F17C16}.Debug|Any CPU.ActiveCfg = Debug|Any CPU
		{DFF9053D-842E-4976-9CC1-88E295F17C16}.Debug|Any CPU.Build.0 = Debug|Any CPU
		{DFF9053D-842E-4976-9CC1-88E295F17C16}.Release|Any CPU.ActiveCfg = Release|Any CPU
		{DFF9053D-842E-4976-9CC1-88E295F17C16}.Release|Any CPU.Build.0 = Release|Any CPU
		{61C75023-A149-42B5-9EDB-312146C4688B}.Debug|Any CPU.ActiveCfg = Debug|Any CPU
		{61C75023-A149-42B5-9EDB-312146C4688B}.Debug|Any CPU.Build.0 = Debug|Any CPU
		{61C75023-A149-42B5-9EDB-312146C4688B}.Release|Any CPU.ActiveCfg = Release|Any CPU
		{61C75023-A149-42B5-9EDB-312146C4688B}.Release|Any CPU.Build.0 = Release|Any CPU
		{4B3C4D6A-CA34-4880-A27F-F8BD3618E8C5}.Debug|Any CPU.ActiveCfg = Debug|Any CPU
		{4B3C4D6A-CA34-4880-A27F-F8BD3618E8C5}.Debug|Any CPU.Build.0 = Debug|Any CPU
		{4B3C4D6A-CA34-4880-A27F-F8BD3618E8C5}.Release|Any CPU.ActiveCfg = Release|Any CPU
		{4B3C4D6A-CA34-4880-A27F-F8BD3618E8C5}.Release|Any CPU.Build.0 = Release|Any CPU
		{734133C4-37B0-4862-B600-39222B21B36E}.Debug|Any CPU.ActiveCfg = Debug|Any CPU
		{734133C4-37B0-4862-B600-39222B21B36E}.Debug|Any CPU.Build.0 = Debug|Any CPU
		{734133C4-37B0-4862-B600-39222B21B36E}.Release|Any CPU.ActiveCfg = Release|Any CPU
		{734133C4-37B0-4862-B600-39222B21B36E}.Release|Any CPU.Build.0 = Release|Any CPU
		{31B0D30B-2C49-4485-A6AE-364C688808E0}.Debug|Any CPU.ActiveCfg = Debug|Any CPU
		{31B0D30B-2C49-4485-A6AE-364C688808E0}.Debug|Any CPU.Build.0 = Debug|Any CPU
		{31B0D30B-2C49-4485-A6AE-364C688808E0}.Release|Any CPU.ActiveCfg = Release|Any CPU
		{31B0D30B-2C49-4485-A6AE-364C688808E0}.Release|Any CPU.Build.0 = Release|Any CPU
		{B898F1A1-08E4-446D-8397-DE61E406A4EE}.Debug|Any CPU.ActiveCfg = Debug|Any CPU
		{B898F1A1-08E4-446D-8397-DE61E406A4EE}.Debug|Any CPU.Build.0 = Debug|Any CPU
		{B898F1A1-08E4-446D-8397-DE61E406A4EE}.Release|Any CPU.ActiveCfg = Release|Any CPU
		{B898F1A1-08E4-446D-8397-DE61E406A4EE}.Release|Any CPU.Build.0 = Release|Any CPU
		{1FA6CD43-3902-4833-A0DD-B8A5CA800894}.Debug|Any CPU.ActiveCfg = Debug|Any CPU
		{1FA6CD43-3902-4833-A0DD-B8A5CA800894}.Debug|Any CPU.Build.0 = Debug|Any CPU
		{1FA6CD43-3902-4833-A0DD-B8A5CA800894}.Release|Any CPU.ActiveCfg = Release|Any CPU
		{1FA6CD43-3902-4833-A0DD-B8A5CA800894}.Release|Any CPU.Build.0 = Release|Any CPU
		{32B9EADE-8D19-49C6-8F87-C26FD51B8104}.Debug|Any CPU.ActiveCfg = Debug|Any CPU
		{32B9EADE-8D19-49C6-8F87-C26FD51B8104}.Debug|Any CPU.Build.0 = Debug|Any CPU
		{32B9EADE-8D19-49C6-8F87-C26FD51B8104}.Release|Any CPU.ActiveCfg = Release|Any CPU
		{32B9EADE-8D19-49C6-8F87-C26FD51B8104}.Release|Any CPU.Build.0 = Release|Any CPU
	EndGlobalSection
	GlobalSection(SolutionProperties) = preSolution
		HideSolutionNode = FALSE
	EndGlobalSection
	GlobalSection(NestedProjects) = preSolution
		{120846D5-CF4A-449E-8DE2-CCD6A211A0B3} = {0A7A48F4-A3E0-4BCA-8B4E-E943BBB24BB5}
		{FA16105B-CA37-44AE-B6C5-765E5E9DED15} = {1BEE12FF-4B53-4355-AEBE-F90F6EC687AF}
		{53DB9AFA-0C76-4E1B-9912-C49F4475D04F} = {C8ACA08A-B78F-4202-8602-EF47A1BA0A35}
		{DFF9053D-842E-4976-9CC1-88E295F17C16} = {1BEE12FF-4B53-4355-AEBE-F90F6EC687AF}
		{61C75023-A149-42B5-9EDB-312146C4688B} = {152133B4-E9C4-415C-8919-731692FE9452}
		{4B3C4D6A-CA34-4880-A27F-F8BD3618E8C5} = {152133B4-E9C4-415C-8919-731692FE9452}
		{734133C4-37B0-4862-B600-39222B21B36E} = {152133B4-E9C4-415C-8919-731692FE9452}
		{31B0D30B-2C49-4485-A6AE-364C688808E0} = {152133B4-E9C4-415C-8919-731692FE9452}
		{152133B4-E9C4-415C-8919-731692FE9452} = {C8ACA08A-B78F-4202-8602-EF47A1BA0A35}
		{0A7A48F4-A3E0-4BCA-8B4E-E943BBB24BB5} = {C8ACA08A-B78F-4202-8602-EF47A1BA0A35}
		{B898F1A1-08E4-446D-8397-DE61E406A4EE} = {82657891-4D60-4BF3-A141-D5E0E44CE27D}
		{1FA6CD43-3902-4833-A0DD-B8A5CA800894} = {82657891-4D60-4BF3-A141-D5E0E44CE27D}
		{32B9EADE-8D19-49C6-8F87-C26FD51B8104} = {0A7A48F4-A3E0-4BCA-8B4E-E943BBB24BB5}
	EndGlobalSection
	GlobalSection(ExtensibilityGlobals) = postSolution
		SolutionGuid = {B6ADFC31-7568-4FB0-B896-827ECBC6D3F3}
	EndGlobalSection
EndGlobal
